<?xml version="1.0" encoding="utf-8"?>
<Project ToolsVersion="4.0" xmlns="http://schemas.microsoft.com/developer/msbuild/2003">
  <ItemGroup>
    <ClCompile Include="..\..\..\src\main.cpp">
      <Filter>Source Files</Filter>
    </ClCompile>
    <ClCompile Include="..\..\..\src\player.cpp">
      <Filter>Source Files</Filter>
    </ClCompile>
    <ClCompile Include="..\..\..\src\system.cpp">
      <Filter>Source Files</Filter>
    </ClCompile>
    <ClCompile Include="..\..\..\src\output.cpp">
      <Filter>Source Files</Filter>
    </ClCompile>
    <ClCompile Include="..\..\..\src\Network\buffer.cpp">
      <Filter>Source Files\multimedia\network</Filter>
    </ClCompile>
    <ClCompile Include="..\..\..\src\Network\socket.cpp">
      <Filter>Source Files\multimedia\network</Filter>
    </ClCompile>
    <ClCompile Include="..\..\..\src\Input\input.cpp">
      <Filter>Source Files\multimedia\input</Filter>
    </ClCompile>
    <ClCompile Include="..\..\..\src\Graphics\bitmap.cpp">
      <Filter>Source Files\multimedia\graphics</Filter>
    </ClCompile>
    <ClCompile Include="..\..\..\src\Graphics\color.cpp">
      <Filter>Source Files\multimedia\graphics</Filter>
    </ClCompile>
    <ClCompile Include="..\..\..\src\Graphics\graphics.cpp">
      <Filter>Source Files\multimedia\graphics</Filter>
    </ClCompile>
    <ClCompile Include="..\..\..\src\Graphics\hslrgb.cpp">
      <Filter>Source Files\multimedia\graphics</Filter>
    </ClCompile>
    <ClCompile Include="..\..\..\src\Graphics\plane.cpp">
      <Filter>Source Files\multimedia\graphics</Filter>
    </ClCompile>
    <ClCompile Include="..\..\..\src\Graphics\rect.cpp">
      <Filter>Source Files\multimedia\graphics</Filter>
    </ClCompile>
    <ClCompile Include="..\..\..\src\Graphics\sprite.cpp">
      <Filter>Source Files\multimedia\graphics</Filter>
    </ClCompile>
    <ClCompile Include="..\..\..\src\Graphics\text.cpp">
      <Filter>Source Files\multimedia\graphics</Filter>
    </ClCompile>
    <ClCompile Include="..\..\..\src\Graphics\tilemap_xp.cpp">
      <Filter>Source Files\multimedia\graphics</Filter>
    </ClCompile>
    <ClCompile Include="..\..\..\src\Graphics\tone.cpp">
      <Filter>Source Files\multimedia\graphics</Filter>
    </ClCompile>
    <ClCompile Include="..\..\..\src\Graphics\viewport.cpp">
      <Filter>Source Files\multimedia\graphics</Filter>
    </ClCompile>
    <ClCompile Include="..\..\..\src\Graphics\window_xp.cpp">
      <Filter>Source Files\multimedia\graphics</Filter>
    </ClCompile>
    <ClCompile Include="..\..\..\src\Graphics\zobj.cpp">
      <Filter>Source Files\multimedia\graphics</Filter>
    </ClCompile>
    <ClCompile Include="..\..\..\src\Audio\audio.cpp">
      <Filter>Source Files\multimedia\audio</Filter>
    </ClCompile>
    <ClCompile Include="..\..\..\src\tools\win32\console.cpp">
      <Filter>Source Files\tools\win32</Filter>
    </ClCompile>
    <ClCompile Include="..\..\..\src\tools\win32\filefinder.cpp">
      <Filter>Source Files\tools\win32</Filter>
    </ClCompile>
    <ClCompile Include="..\..\..\src\tools\win32\msgbox.cpp">
      <Filter>Source Files\tools\win32</Filter>
    </ClCompile>
    <ClCompile Include="..\..\..\src\tools\win32\registry.cpp">
      <Filter>Source Files\tools\win32</Filter>
    </ClCompile>
    <ClCompile Include="..\..\..\src\tools\win32\time.cpp">
      <Filter>Source Files\tools\win32</Filter>
    </ClCompile>
    <ClCompile Include="..\..\..\src\tools\win32\windowui.cpp">
      <Filter>Source Files\tools\win32</Filter>
    </ClCompile>
    <ClCompile Include="..\..\..\src\input\win32\buttons.cpp">
      <Filter>Source Files\multimedia\input\win32</Filter>
    </ClCompile>
    <ClCompile Include="..\..\..\src\aruby.cpp">
      <Filter>Source Files</Filter>
    </ClCompile>
    <ClCompile Include="..\..\..\src\input\keys.cpp">
      <Filter>Source Files\multimedia\input</Filter>
    </ClCompile>
    <ClCompile Include="..\..\..\src\argss\classes\abitmap.cpp">
      <Filter>Source Files\argss\classes</Filter>
    </ClCompile>
    <ClCompile Include="..\..\..\src\argss\classes\acolor.cpp">
      <Filter>Source Files\argss\classes</Filter>
    </ClCompile>
    <ClCompile Include="..\..\..\src\argss\classes\aerror.cpp">
      <Filter>Source Files\argss\classes</Filter>
    </ClCompile>
    <ClCompile Include="..\..\..\src\argss\classes\afont.cpp">
      <Filter>Source Files\argss\classes</Filter>
    </ClCompile>
    <ClCompile Include="..\..\..\src\argss\classes\aplane.cpp">
      <Filter>Source Files\argss\classes</Filter>
    </ClCompile>
    <ClCompile Include="..\..\..\src\argss\classes\arect.cpp">
      <Filter>Source Files\argss\classes</Filter>
    </ClCompile>
    <ClCompile Include="..\..\..\src\argss\classes\asprite.cpp">
      <Filter>Source Files\argss\classes</Filter>
    </ClCompile>
    <ClCompile Include="..\..\..\src\argss\classes\atable.cpp">
      <Filter>Source Files\argss\classes</Filter>
    </ClCompile>
    <ClCompile Include="..\..\..\src\argss\classes\atilemap_xp.cpp">
      <Filter>Source Files\argss\classes</Filter>
    </ClCompile>
    <ClCompile Include="..\..\..\src\argss\classes\atilemapautotiles_xp.cpp">
      <Filter>Source Files\argss\classes</Filter>
    </ClCompile>
    <ClCompile Include="..\..\..\src\argss\classes\atone.cpp">
      <Filter>Source Files\argss\classes</Filter>
    </ClCompile>
    <ClCompile Include="..\..\..\src\argss\classes\aviewport.cpp">
      <Filter>Source Files\argss\classes</Filter>
    </ClCompile>
    <ClCompile Include="..\..\..\src\argss\classes\awindow_xp.cpp">
      <Filter>Source Files\argss\classes</Filter>
    </ClCompile>
    <ClCompile Include="..\..\..\src\argss\modules\aaudio.cpp">
      <Filter>Source Files\argss\modules</Filter>
    </ClCompile>
    <ClCompile Include="..\..\..\src\argss\modules\agraphics.cpp">
      <Filter>Source Files\argss\modules</Filter>
    </ClCompile>
    <ClCompile Include="..\..\..\src\argss\modules\ainput.cpp">
      <Filter>Source Files\argss\modules</Filter>
    </ClCompile>
    <ClCompile Include="..\..\..\src\argss\modules\akeys.cpp">
      <Filter>Source Files\argss\modules</Filter>
    </ClCompile>
    <ClCompile Include="..\..\..\src\argss\modules\aoutput.cpp">
      <Filter>Source Files\argss\modules</Filter>
    </ClCompile>
    <ClCompile Include="..\..\..\src\argss\rpg\rpg.cpp">
      <Filter>Source Files\argss\rpg</Filter>
    </ClCompile>
    <ClCompile Include="..\..\..\src\argss\rpg\rpg_cache.cpp">
      <Filter>Source Files\argss\rpg</Filter>
    </ClCompile>
    <ClCompile Include="..\..\..\src\argss\rpg\rpg_sprite.cpp">
      <Filter>Source Files\argss\rpg</Filter>
    </ClCompile>
    <ClCompile Include="..\..\..\src\argss\rpg\rpg_weather.cpp">
      <Filter>Source Files\argss\rpg</Filter>
    </ClCompile>
    <ClCompile Include="..\..\..\src\argss\argss.cpp">
      <Filter>Source Files\argss</Filter>
    </ClCompile>
  </ItemGroup>
  <ItemGroup>
    <ClInclude Include="..\..\..\src\defines.h">
      <Filter>Source Files</Filter>
    </ClInclude>
    <ClInclude Include="..\..\..\src\options.h">
      <Filter>Source Files</Filter>
    </ClInclude>
    <ClInclude Include="..\..\..\src\player.h">
      <Filter>Source Files</Filter>
    </ClInclude>
    <ClInclude Include="..\..\..\src\system.h">
      <Filter>Source Files</Filter>
    </ClInclude>
    <ClInclude Include="..\..\..\src\output.h">
      <Filter>Source Files</Filter>
    </ClInclude>
    <ClInclude Include="..\..\..\src\Tools\console.h">
      <Filter>Source Files\tools</Filter>
    </ClInclude>
    <ClInclude Include="..\..\..\src\Tools\event.h">
      <Filter>Source Files\tools</Filter>
    </ClInclude>
    <ClInclude Include="..\..\..\src\Tools\filefinder.h">
      <Filter>Source Files\tools</Filter>
    </ClInclude>
    <ClInclude Include="..\..\..\src\Tools\msgbox.h">
      <Filter>Source Files\tools</Filter>
    </ClInclude>
    <ClInclude Include="..\..\..\src\Tools\time.h">
      <Filter>Source Files\tools</Filter>
    </ClInclude>
    <ClInclude Include="..\..\..\src\Tools\windowui.h">
      <Filter>Source Files\tools</Filter>
    </ClInclude>
    <ClInclude Include="..\..\..\src\Network\buffer.h">
      <Filter>Source Files\multimedia\network</Filter>
    </ClInclude>
    <ClInclude Include="..\..\..\src\Network\socket.h">
      <Filter>Source Files\multimedia\network</Filter>
    </ClInclude>
    <ClInclude Include="..\..\..\src\Input\input.h">
      <Filter>Source Files\multimedia\input</Filter>
    </ClInclude>
    <ClInclude Include="..\..\..\src\Graphics\bitmap.h">
      <Filter>Source Files\multimedia\graphics</Filter>
    </ClInclude>
    <ClInclude Include="..\..\..\src\Graphics\color.h">
      <Filter>Source Files\multimedia\graphics</Filter>
    </ClInclude>
    <ClInclude Include="..\..\..\src\Graphics\drawable.h">
      <Filter>Source Files\multimedia\graphics</Filter>
    </ClInclude>
    <ClInclude Include="..\..\..\src\Graphics\graphics.h">
      <Filter>Source Files\multimedia\graphics</Filter>
    </ClInclude>
    <ClInclude Include="..\..\..\src\Graphics\hslrgb.h">
      <Filter>Source Files\multimedia\graphics</Filter>
    </ClInclude>
    <ClInclude Include="..\..\..\src\Graphics\plane.h">
      <Filter>Source Files\multimedia\graphics</Filter>
    </ClInclude>
    <ClInclude Include="..\..\..\src\Graphics\rect.h">
      <Filter>Source Files\multimedia\graphics</Filter>
    </ClInclude>
    <ClInclude Include="..\..\..\src\Graphics\sprite.h">
      <Filter>Source Files\multimedia\graphics</Filter>
    </ClInclude>
    <ClInclude Include="..\..\..\src\Graphics\text.h">
      <Filter>Source Files\multimedia\graphics</Filter>
    </ClInclude>
    <ClInclude Include="..\..\..\src\Graphics\tilemap.h">
      <Filter>Source Files\multimedia\graphics</Filter>
    </ClInclude>
    <ClInclude Include="..\..\..\src\Graphics\tilemap_xp.h">
      <Filter>Source Files\multimedia\graphics</Filter>
    </ClInclude>
    <ClInclude Include="..\..\..\src\Graphics\tone.h">
      <Filter>Source Files\multimedia\graphics</Filter>
    </ClInclude>
    <ClInclude Include="..\..\..\src\Graphics\viewport.h">
      <Filter>Source Files\multimedia\graphics</Filter>
    </ClInclude>
    <ClInclude Include="..\..\..\src\Graphics\window.h">
      <Filter>Source Files\multimedia\graphics</Filter>
    </ClInclude>
    <ClInclude Include="..\..\..\src\Graphics\window_xp.h">
      <Filter>Source Files\multimedia\graphics</Filter>
    </ClInclude>
    <ClInclude Include="..\..\..\src\Graphics\zobj.h">
      <Filter>Source Files\multimedia\graphics</Filter>
    </ClInclude>
    <ClInclude Include="..\..\..\src\Audio\audio.h">
      <Filter>Source Files\multimedia\audio</Filter>
    </ClInclude>
    <ClInclude Include="..\..\..\src\ARGSS\argss.h">
      <Filter>Source Files\argss</Filter>
    </ClInclude>
    <ClInclude Include="..\..\..\src\tools\win32\console.h">
      <Filter>Source Files\tools\win32</Filter>
    </ClInclude>
    <ClInclude Include="..\..\..\src\tools\win32\filefinder.h">
      <Filter>Source Files\tools\win32</Filter>
    </ClInclude>
    <ClInclude Include="..\..\..\src\tools\win32\msgbox.h">
      <Filter>Source Files\tools\win32</Filter>
    </ClInclude>
    <ClInclude Include="..\..\..\src\tools\win32\registry.h">
      <Filter>Source Files\tools\win32</Filter>
    </ClInclude>
    <ClInclude Include="..\..\..\src\tools\win32\time.h">
      <Filter>Source Files\tools\win32</Filter>
    </ClInclude>
    <ClInclude Include="..\..\..\src\tools\win32\windowui.h">
      <Filter>Source Files\tools\win32</Filter>
    </ClInclude>
    <ClInclude Include="..\..\..\src\input\win32\buttons.h">
      <Filter>Source Files\multimedia\input\win32</Filter>
    </ClInclude>
    <ClInclude Include="..\..\..\src\aruby.h">
      <Filter>Source Files</Filter>
    </ClInclude>
    <ClInclude Include="..\..\..\src\input\keys.h">
      <Filter>Source Files\multimedia\input</Filter>
    </ClInclude>
    <ClInclude Include="..\..\..\src\input\buttons.h">
      <Filter>Source Files\multimedia\input</Filter>
    </ClInclude>
    <ClInclude Include="..\..\..\src\argss\classes\awindow_xp.h">
      <Filter>Source Files\argss\classes</Filter>
    </ClInclude>
    <ClInclude Include="..\..\..\src\argss\classes\abitmap.h">
      <Filter>Source Files\argss\classes</Filter>
    </ClInclude>
    <ClInclude Include="..\..\..\src\argss\classes\acolor.h">
      <Filter>Source Files\argss\classes</Filter>
    </ClInclude>
    <ClInclude Include="..\..\..\src\argss\classes\aerror.h">
      <Filter>Source Files\argss\classes</Filter>
    </ClInclude>
    <ClInclude Include="..\..\..\src\argss\classes\afont.h">
      <Filter>Source Files\argss\classes</Filter>
    </ClInclude>
    <ClInclude Include="..\..\..\src\argss\classes\aplane.h">
      <Filter>Source Files\argss\classes</Filter>
    </ClInclude>
    <ClInclude Include="..\..\..\src\argss\classes\arect.h">
      <Filter>Source Files\argss\classes</Filter>
    </ClInclude>
    <ClInclude Include="..\..\..\src\argss\classes\asprite.h">
      <Filter>Source Files\argss\classes</Filter>
    </ClInclude>
    <ClInclude Include="..\..\..\src\argss\classes\atable.h">
      <Filter>Source Files\argss\classes</Filter>
    </ClInclude>
    <ClInclude Include="..\..\..\src\argss\classes\atilemap.h">
      <Filter>Source Files\argss\classes</Filter>
    </ClInclude>
    <ClInclude Include="..\..\..\src\argss\classes\atilemap_xp.h">
      <Filter>Source Files\argss\classes</Filter>
    </ClInclude>
    <ClInclude Include="..\..\..\src\argss\classes\atilemapautotiles_xp.h">
      <Filter>Source Files\argss\classes</Filter>
    </ClInclude>
    <ClInclude Include="..\..\..\src\argss\classes\atone.h">
      <Filter>Source Files\argss\classes</Filter>
    </ClInclude>
    <ClInclude Include="..\..\..\src\argss\classes\aviewport.h">
      <Filter>Source Files\argss\classes</Filter>
    </ClInclude>
    <ClInclude Include="..\..\..\src\argss\classes\awindow.h">
      <Filter>Source Files\argss\classes</Filter>
    </ClInclude>
    <ClInclude Include="..\..\..\src\argss\modules\aaudio.h">
      <Filter>Source Files\argss\modules</Filter>
    </ClInclude>
    <ClInclude Include="..\..\..\src\argss\modules\agraphics.h">
      <Filter>Source Files\argss\modules</Filter>
    </ClInclude>
    <ClInclude Include="..\..\..\src\argss\modules\ainput.h">
      <Filter>Source Files\argss\modules</Filter>
    </ClInclude>
    <ClInclude Include="..\..\..\src\argss\modules\akeys.h">
      <Filter>Source Files\argss\modules</Filter>
    </ClInclude>
    <ClInclude Include="..\..\..\src\argss\modules\aoutput.h">
      <Filter>Source Files\argss\modules</Filter>
    </ClInclude>
    <ClInclude Include="..\..\..\src\argss\rpg\rpg.h">
      <Filter>Source Files\argss\rpg</Filter>
    </ClInclude>
    <ClInclude Include="..\..\..\src\argss\rpg\rpg_cache.h">
      <Filter>Source Files\argss\rpg</Filter>
    </ClInclude>
    <ClInclude Include="..\..\..\src\argss\rpg\rpg_sprite.h">
      <Filter>Source Files\argss\rpg</Filter>
    </ClInclude>
    <ClInclude Include="..\..\..\src\argss\rpg\rpg_weather.h">
      <Filter>Source Files\argss\rpg</Filter>
    </ClInclude>
  </ItemGroup>
  <ItemGroup>
    <Filter Include="Resource Files">
      <UniqueIdentifier>{4a3388a8-ec04-4bdb-ab20-91a36113d37a}</UniqueIdentifier>
    </Filter>
    <Filter Include="Source Files">
      <UniqueIdentifier>{4f7445a9-a10f-4794-becf-377472f672d2}</UniqueIdentifier>
    </Filter>
    <Filter Include="Source Files\argss">
      <UniqueIdentifier>{bb469cc4-986a-4310-ba85-aac10514aed5}</UniqueIdentifier>
    </Filter>
    <Filter Include="Source Files\argss\classes">
      <UniqueIdentifier>{2a28dbc0-9461-4c21-a172-c83f7ec1b140}</UniqueIdentifier>
    </Filter>
    <Filter Include="Source Files\argss\modules">
      <UniqueIdentifier>{3eeb2e33-214a-4a3b-bc82-d8158eefb021}</UniqueIdentifier>
    </Filter>
    <Filter Include="Source Files\argss\rpg">
      <UniqueIdentifier>{95feb23a-d4d9-4e1c-bc70-cff8d1cfe400}</UniqueIdentifier>
    </Filter>
    <Filter Include="Source Files\multimedia">
      <UniqueIdentifier>{de057668-b34c-42c8-9bb8-82bea5c58e60}</UniqueIdentifier>
    </Filter>
    <Filter Include="Source Files\multimedia\audio">
      <UniqueIdentifier>{7a8d72b8-0211-4a3f-a385-57c1b3f43a88}</UniqueIdentifier>
    </Filter>
    <Filter Include="Source Files\multimedia\graphics">
      <UniqueIdentifier>{5123501f-b25c-4147-9070-d1588a436229}</UniqueIdentifier>
    </Filter>
    <Filter Include="Source Files\multimedia\input">
      <UniqueIdentifier>{3c72ff44-054f-49bd-b870-2a1a6c5f2d3f}</UniqueIdentifier>
    </Filter>
    <Filter Include="Source Files\multimedia\input\win32">
      <UniqueIdentifier>{ed0108eb-a96d-4cf1-8c5b-ed2a1a184893}</UniqueIdentifier>
    </Filter>
    <Filter Include="Source Files\multimedia\network">
      <UniqueIdentifier>{25f999dc-7b67-4bac-bb1d-e6e8b2d118b7}</UniqueIdentifier>
    </Filter>
    <Filter Include="Source Files\tools">
      <UniqueIdentifier>{f3f06d97-a856-4373-9088-61d962b2ccca}</UniqueIdentifier>
    </Filter>
    <Filter Include="Source Files\tools\win32">
      <UniqueIdentifier>{edc759e4-bcfb-419c-94d6-6423526771d3}</UniqueIdentifier>
    </Filter>
  </ItemGroup>
  <ItemGroup>
    <ResourceCompile Include="..\..\..\resources\Windows\icon.rc">
      <Filter>Resource Files</Filter>
    </ResourceCompile>
  </ItemGroup>
</Project>